
Microsoft Visual Studio Solution File, Format Version 12.00
# Visual Studio Version 17
VisualStudioVersion = 17.13.35931.197 d17.13
MinimumVisualStudioVersion = 10.0.40219.1
Project("{FAE04EC0-301F-11D3-BF4B-00C04F79EFBC}") = "AprilsDayAtFools", "AprilsDayAtFools\AprilsDayAtFools.csproj", "{EFDFDCD0-9162-42FA-ADD3-9A22D7EB3729}"
EndProject
Global
	GlobalSection(SolutionConfigurationPlatforms) = preSolution
		Debug|Any CPU = Debug|Any CPU
		Release|Any CPU = Release|Any CPU
	EndGlobalSection
	GlobalSection(ProjectConfigurationPlatforms) = postSolution
		{EFDFDCD0-9162-42FA-ADD3-9A22D7EB3729}.Debug|Any CPU.ActiveCfg = Debug|Any CPU
		{EFDFDCD0-9162-42FA-ADD3-9A22D7EB3729}.Debug|Any CPU.Build.0 = Debug|Any CPU
		{EFDFDCD0-9162-42FA-ADD3-9A22D7EB3729}.Release|Any CPU.ActiveCfg = Release|Any CPU
		{EFDFDCD0-9162-42FA-ADD3-9A22D7EB3729}.Release|Any CPU.Build.0 = Release|Any CPU
	EndGlobalSection
	GlobalSection(SolutionProperties) = preSolution
		HideSolutionNode = FALSE
	EndGlobalSection
	GlobalSection(ExtensibilityGlobals) = postSolution
		SolutionGuid = {A3045580-C239-4024-B749-74FEDFE259DD}
	EndGlobalSection
EndGlobal
